
Microsoft Visual Studio Solution File, Format Version 12.00
# Blend for Visual Studio 15
VisualStudioVersion = 15.0.27130.2036
MinimumVisualStudioVersion = 10.0.40219.1
Project("{2150E333-8FDC-42A3-9474-1A3956D46DE8}") = "7) CmdMessendger", "7) CmdMessendger", "{B890E558-5CEB-4B2D-A531-40A2E4FA4D7D}"
EndProject
Project("{2150E333-8FDC-42A3-9474-1A3956D46DE8}") = "1) Console", "1) Console", "{F65CE6D0-C2B5-459D-B179-E829B48C07BA}"
EndProject
Project("{2150E333-8FDC-42A3-9474-1A3956D46DE8}") = "2) Clients", "2) Clients", "{C0FA14A6-1E01-48AA-AA17-A5D4B11AC361}"
EndProject
Project("{2150E333-8FDC-42A3-9474-1A3956D46DE8}") = "5) Common", "5) Common", "{E93967E7-6655-4E1C-8346-F27F79EDBC2B}"
EndProject
Project("{2150E333-8FDC-42A3-9474-1A3956D46DE8}") = "4) Services", "4) Services", "{8CCE4A2F-383C-4427-8DA2-A6C7AEBE16F8}"
EndProject
Project("{8BC9CEB8-8B4A-11D0-8D11-00A0C91BC942}") = "Mwm.BeerFactoryV2.Mega", "src\Mwm.BeerFactoryV2.Mega\Mwm.BeerFactoryV2.Mega.vcxproj", "{C5F80730-F44F-4478-BDAE-6634EFC2CA88}"
EndProject
Project("{FAE04EC0-301F-11D3-BF4B-00C04F79EFBC}") = "Mwm.BeerFactoryV2.Console", "Mwm.BeerFactoryV2.Console\Mwm.BeerFactoryV2.Console.csproj", "{6E4F206C-5139-4365-8554-D2BEA8B5D8A9}"
EndProject
Project("{FAE04EC0-301F-11D3-BF4B-00C04F79EFBC}") = "Mwm.BeerFactoryV2.Uwp.Cinch", "Mwm.BeerFactoryV2.Uwp.Cinch\Mwm.BeerFactoryV2.Uwp.Cinch.csproj", "{3AEAA527-6518-4E8C-95E1-630F2E8FA4FF}"
EndProject
Project("{9A19103F-16F7-4668-BE54-9A1E7A4F7556}") = "Mwm.BeerFactoryV2.ConsoleCore", "Mwm.BeerFactoryV2.ConsoleCore\Mwm.BeerFactoryV2.ConsoleCore.csproj", "{F1281ECD-3F87-47CD-A171-25E6F291EB6E}"
EndProject
Project("{FAE04EC0-301F-11D3-BF4B-00C04F79EFBC}") = "Mwm.BeerFactoryV2.Svc", "Mwm.BeerFactoryV2.Svc\Mwm.BeerFactoryV2.Svc.csproj", "{B4CAB3CA-80F7-424B-8D90-36AD3B400B29}"
EndProject
Project("{FAE04EC0-301F-11D3-BF4B-00C04F79EFBC}") = "CommandMessengerStandard", "..\CmdMessenger\CmdMessengerTest\CommandMessengerStandard\CommandMessengerStandard.csproj", "{D4417BD7-FF48-4B31-919B-F051B9F244F4}"
EndProject
Global
	GlobalSection(SolutionConfigurationPlatforms) = preSolution
		Debug|Any CPU = Debug|Any CPU
		Debug|ARM = Debug|ARM
		Debug|x64 = Debug|x64
		Debug|x86 = Debug|x86
		Release|Any CPU = Release|Any CPU
		Release|ARM = Release|ARM
		Release|x64 = Release|x64
		Release|x86 = Release|x86
	EndGlobalSection
	GlobalSection(ProjectConfigurationPlatforms) = postSolution
		{C5F80730-F44F-4478-BDAE-6634EFC2CA88}.Debug|Any CPU.ActiveCfg = Debug|Win32
		{C5F80730-F44F-4478-BDAE-6634EFC2CA88}.Debug|ARM.ActiveCfg = Debug|Win32
		{C5F80730-F44F-4478-BDAE-6634EFC2CA88}.Debug|x64.ActiveCfg = Debug|Win32
		{C5F80730-F44F-4478-BDAE-6634EFC2CA88}.Debug|x86.ActiveCfg = Debug|Win32
		{C5F80730-F44F-4478-BDAE-6634EFC2CA88}.Release|Any CPU.ActiveCfg = Release|Win32
		{C5F80730-F44F-4478-BDAE-6634EFC2CA88}.Release|ARM.ActiveCfg = Release|Win32
		{C5F80730-F44F-4478-BDAE-6634EFC2CA88}.Release|x64.ActiveCfg = Release|Win32
		{C5F80730-F44F-4478-BDAE-6634EFC2CA88}.Release|x86.ActiveCfg = Release|Win32
		{C5F80730-F44F-4478-BDAE-6634EFC2CA88}.Release|x86.Build.0 = Release|Win32
		{6E4F206C-5139-4365-8554-D2BEA8B5D8A9}.Debug|Any CPU.ActiveCfg = Debug|Any CPU
		{6E4F206C-5139-4365-8554-D2BEA8B5D8A9}.Debug|Any CPU.Build.0 = Debug|Any CPU
		{6E4F206C-5139-4365-8554-D2BEA8B5D8A9}.Debug|ARM.ActiveCfg = Debug|Any CPU
		{6E4F206C-5139-4365-8554-D2BEA8B5D8A9}.Debug|ARM.Build.0 = Debug|Any CPU
		{6E4F206C-5139-4365-8554-D2BEA8B5D8A9}.Debug|x64.ActiveCfg = Debug|Any CPU
		{6E4F206C-5139-4365-8554-D2BEA8B5D8A9}.Debug|x64.Build.0 = Debug|Any CPU
		{6E4F206C-5139-4365-8554-D2BEA8B5D8A9}.Debug|x86.ActiveCfg = Debug|Any CPU
		{6E4F206C-5139-4365-8554-D2BEA8B5D8A9}.Debug|x86.Build.0 = Debug|Any CPU
		{6E4F206C-5139-4365-8554-D2BEA8B5D8A9}.Release|Any CPU.ActiveCfg = Release|Any CPU
		{6E4F206C-5139-4365-8554-D2BEA8B5D8A9}.Release|Any CPU.Build.0 = Release|Any CPU
		{6E4F206C-5139-4365-8554-D2BEA8B5D8A9}.Release|ARM.ActiveCfg = Release|Any CPU
		{6E4F206C-5139-4365-8554-D2BEA8B5D8A9}.Release|ARM.Build.0 = Release|Any CPU
		{6E4F206C-5139-4365-8554-D2BEA8B5D8A9}.Release|x64.ActiveCfg = Release|Any CPU
		{6E4F206C-5139-4365-8554-D2BEA8B5D8A9}.Release|x64.Build.0 = Release|Any CPU
		{6E4F206C-5139-4365-8554-D2BEA8B5D8A9}.Release|x86.ActiveCfg = Release|Any CPU
		{6E4F206C-5139-4365-8554-D2BEA8B5D8A9}.Release|x86.Build.0 = Release|Any CPU
		{3AEAA527-6518-4E8C-95E1-630F2E8FA4FF}.Debug|Any CPU.ActiveCfg = Debug|x86
		{3AEAA527-6518-4E8C-95E1-630F2E8FA4FF}.Debug|ARM.ActiveCfg = Debug|ARM
		{3AEAA527-6518-4E8C-95E1-630F2E8FA4FF}.Debug|ARM.Build.0 = Debug|ARM
		{3AEAA527-6518-4E8C-95E1-630F2E8FA4FF}.Debug|ARM.Deploy.0 = Debug|ARM
		{3AEAA527-6518-4E8C-95E1-630F2E8FA4FF}.Debug|x64.ActiveCfg = Debug|x64
		{3AEAA527-6518-4E8C-95E1-630F2E8FA4FF}.Debug|x64.Build.0 = Debug|x64
		{3AEAA527-6518-4E8C-95E1-630F2E8FA4FF}.Debug|x64.Deploy.0 = Debug|x64
		{3AEAA527-6518-4E8C-95E1-630F2E8FA4FF}.Debug|x86.ActiveCfg = Debug|x86
		{3AEAA527-6518-4E8C-95E1-630F2E8FA4FF}.Debug|x86.Build.0 = Debug|x86
		{3AEAA527-6518-4E8C-95E1-630F2E8FA4FF}.Debug|x86.Deploy.0 = Debug|x86
		{3AEAA527-6518-4E8C-95E1-630F2E8FA4FF}.Release|Any CPU.ActiveCfg = Release|x86
		{3AEAA527-6518-4E8C-95E1-630F2E8FA4FF}.Release|ARM.ActiveCfg = Release|ARM
		{3AEAA527-6518-4E8C-95E1-630F2E8FA4FF}.Release|ARM.Build.0 = Release|ARM
		{3AEAA527-6518-4E8C-95E1-630F2E8FA4FF}.Release|ARM.Deploy.0 = Release|ARM
		{3AEAA527-6518-4E8C-95E1-630F2E8FA4FF}.Release|x64.ActiveCfg = Release|x64
		{3AEAA527-6518-4E8C-95E1-630F2E8FA4FF}.Release|x64.Build.0 = Release|x64
		{3AEAA527-6518-4E8C-95E1-630F2E8FA4FF}.Release|x64.Deploy.0 = Release|x64
		{3AEAA527-6518-4E8C-95E1-630F2E8FA4FF}.Release|x86.ActiveCfg = Release|x86
		{3AEAA527-6518-4E8C-95E1-630F2E8FA4FF}.Release|x86.Build.0 = Release|x86
		{3AEAA527-6518-4E8C-95E1-630F2E8FA4FF}.Release|x86.Deploy.0 = Release|x86
		{F1281ECD-3F87-47CD-A171-25E6F291EB6E}.Debug|Any CPU.ActiveCfg = Debug|Any CPU
		{F1281ECD-3F87-47CD-A171-25E6F291EB6E}.Debug|Any CPU.Build.0 = Debug|Any CPU
		{F1281ECD-3F87-47CD-A171-25E6F291EB6E}.Debug|ARM.ActiveCfg = Debug|Any CPU
		{F1281ECD-3F87-47CD-A171-25E6F291EB6E}.Debug|ARM.Build.0 = Debug|Any CPU
		{F1281ECD-3F87-47CD-A171-25E6F291EB6E}.Debug|x64.ActiveCfg = Debug|Any CPU
		{F1281ECD-3F87-47CD-A171-25E6F291EB6E}.Debug|x64.Build.0 = Debug|Any CPU
		{F1281ECD-3F87-47CD-A171-25E6F291EB6E}.Debug|x86.ActiveCfg = Debug|Any CPU
		{F1281ECD-3F87-47CD-A171-25E6F291EB6E}.Debug|x86.Build.0 = Debug|Any CPU
		{F1281ECD-3F87-47CD-A171-25E6F291EB6E}.Release|Any CPU.ActiveCfg = Release|Any CPU
		{F1281ECD-3F87-47CD-A171-25E6F291EB6E}.Release|Any CPU.Build.0 = Release|Any CPU
		{F1281ECD-3F87-47CD-A171-25E6F291EB6E}.Release|ARM.ActiveCfg = Release|Any CPU
		{F1281ECD-3F87-47CD-A171-25E6F291EB6E}.Release|ARM.Build.0 = Release|Any CPU
		{F1281ECD-3F87-47CD-A171-25E6F291EB6E}.Release|x64.ActiveCfg = Release|Any CPU
		{F1281ECD-3F87-47CD-A171-25E6F291EB6E}.Release|x64.Build.0 = Release|Any CPU
		{F1281ECD-3F87-47CD-A171-25E6F291EB6E}.Release|x86.ActiveCfg = Release|Any CPU
		{F1281ECD-3F87-47CD-A171-25E6F291EB6E}.Release|x86.Build.0 = Release|Any CPU
		{B4CAB3CA-80F7-424B-8D90-36AD3B400B29}.Debug|Any CPU.ActiveCfg = Debug|Any CPU
		{B4CAB3CA-80F7-424B-8D90-36AD3B400B29}.Debug|Any CPU.Build.0 = Debug|Any CPU
		{B4CAB3CA-80F7-424B-8D90-36AD3B400B29}.Debug|ARM.ActiveCfg = Debug|Any CPU
		{B4CAB3CA-80F7-424B-8D90-36AD3B400B29}.Debug|ARM.Build.0 = Debug|Any CPU
		{B4CAB3CA-80F7-424B-8D90-36AD3B400B29}.Debug|x64.ActiveCfg = Debug|Any CPU
		{B4CAB3CA-80F7-424B-8D90-36AD3B400B29}.Debug|x64.Build.0 = Debug|Any CPU
		{B4CAB3CA-80F7-424B-8D90-36AD3B400B29}.Debug|x86.ActiveCfg = Debug|Any CPU
		{B4CAB3CA-80F7-424B-8D90-36AD3B400B29}.Debug|x86.Build.0 = Debug|Any CPU
		{B4CAB3CA-80F7-424B-8D90-36AD3B400B29}.Release|Any CPU.ActiveCfg = Release|Any CPU
		{B4CAB3CA-80F7-424B-8D90-36AD3B400B29}.Release|Any CPU.Build.0 = Release|Any CPU
		{B4CAB3CA-80F7-424B-8D90-36AD3B400B29}.Release|ARM.ActiveCfg = Release|Any CPU
		{B4CAB3CA-80F7-424B-8D90-36AD3B400B29}.Release|ARM.Build.0 = Release|Any CPU
		{B4CAB3CA-80F7-424B-8D90-36AD3B400B29}.Release|x64.ActiveCfg = Release|Any CPU
		{B4CAB3CA-80F7-424B-8D90-36AD3B400B29}.Release|x64.Build.0 = Release|Any CPU
		{B4CAB3CA-80F7-424B-8D90-36AD3B400B29}.Release|x86.ActiveCfg = Release|Any CPU
		{B4CAB3CA-80F7-424B-8D90-36AD3B400B29}.Release|x86.Build.0 = Release|Any CPU
		{D4417BD7-FF48-4B31-919B-F051B9F244F4}.Debug|Any CPU.ActiveCfg = Debug|Any CPU
		{D4417BD7-FF48-4B31-919B-F051B9F244F4}.Debug|Any CPU.Build.0 = Debug|Any CPU
		{D4417BD7-FF48-4B31-919B-F051B9F244F4}.Debug|ARM.ActiveCfg = Debug|Any CPU
		{D4417BD7-FF48-4B31-919B-F051B9F244F4}.Debug|ARM.Build.0 = Debug|Any CPU
		{D4417BD7-FF48-4B31-919B-F051B9F244F4}.Debug|x64.ActiveCfg = Debug|Any CPU
		{D4417BD7-FF48-4B31-919B-F051B9F244F4}.Debug|x64.Build.0 = Debug|Any CPU
		{D4417BD7-FF48-4B31-919B-F051B9F244F4}.Debug|x86.ActiveCfg = Debug|Any CPU
		{D4417BD7-FF48-4B31-919B-F051B9F244F4}.Debug|x86.Build.0 = Debug|Any CPU
		{D4417BD7-FF48-4B31-919B-F051B9F244F4}.Release|Any CPU.ActiveCfg = Release|Any CPU
		{D4417BD7-FF48-4B31-919B-F051B9F244F4}.Release|Any CPU.Build.0 = Release|Any CPU
		{D4417BD7-FF48-4B31-919B-F051B9F244F4}.Release|ARM.ActiveCfg = Release|Any CPU
		{D4417BD7-FF48-4B31-919B-F051B9F244F4}.Release|ARM.Build.0 = Release|Any CPU
		{D4417BD7-FF48-4B31-919B-F051B9F244F4}.Release|x64.ActiveCfg = Release|Any CPU
		{D4417BD7-FF48-4B31-919B-F051B9F244F4}.Release|x64.Build.0 = Release|Any CPU
		{D4417BD7-FF48-4B31-919B-F051B9F244F4}.Release|x86.ActiveCfg = Release|Any CPU
		{D4417BD7-FF48-4B31-919B-F051B9F244F4}.Release|x86.Build.0 = Release|Any CPU
	EndGlobalSection
	GlobalSection(SolutionProperties) = preSolution
		HideSolutionNode = FALSE
	EndGlobalSection
	GlobalSection(NestedProjects) = preSolution
		{C5F80730-F44F-4478-BDAE-6634EFC2CA88} = {8CCE4A2F-383C-4427-8DA2-A6C7AEBE16F8}
		{6E4F206C-5139-4365-8554-D2BEA8B5D8A9} = {F65CE6D0-C2B5-459D-B179-E829B48C07BA}
		{3AEAA527-6518-4E8C-95E1-630F2E8FA4FF} = {C0FA14A6-1E01-48AA-AA17-A5D4B11AC361}
		{F1281ECD-3F87-47CD-A171-25E6F291EB6E} = {F65CE6D0-C2B5-459D-B179-E829B48C07BA}
		{B4CAB3CA-80F7-424B-8D90-36AD3B400B29} = {8CCE4A2F-383C-4427-8DA2-A6C7AEBE16F8}
		{D4417BD7-FF48-4B31-919B-F051B9F244F4} = {B890E558-5CEB-4B2D-A531-40A2E4FA4D7D}
	EndGlobalSection
	GlobalSection(ExtensibilityGlobals) = postSolution
		SolutionGuid = {8FF10671-6B84-4505-A6D5-4D0A8291368F}
	EndGlobalSection
EndGlobal
