
Microsoft Visual Studio Solution File, Format Version 12.00
# Visual Studio Version 16
VisualStudioVersion = 16.0.28803.352
MinimumVisualStudioVersion = 10.0.40219.1
Project("{8BC9CEB8-8B4A-11D0-8D11-00A0C91BC942}") = "Mwm.BeerFactoryV2.Mega", "src\Mwm.BeerFactoryV2.Mega\Mwm.BeerFactoryV2.Mega.vcxproj", "{C5F80730-F44F-4478-BDAE-6634EFC2CA88}"
EndProject
Project("{2150E333-8FDC-42A3-9474-1A3956D46DE8}") = "Solution Items", "Solution Items", "{ED6F5423-217A-4244-9402-CD161443A16B}"
EndProject
Project("{2150E333-8FDC-42A3-9474-1A3956D46DE8}") = "7) CmdMessendger", "7) CmdMessendger", "{B890E558-5CEB-4B2D-A531-40A2E4FA4D7D}"
EndProject
Project("{2150E333-8FDC-42A3-9474-1A3956D46DE8}") = "1) Console", "1) Console", "{F65CE6D0-C2B5-459D-B179-E829B48C07BA}"
EndProject
Project("{2150E333-8FDC-42A3-9474-1A3956D46DE8}") = "2) Clients", "2) Clients", "{C0FA14A6-1E01-48AA-AA17-A5D4B11AC361}"
EndProject
Project("{2150E333-8FDC-42A3-9474-1A3956D46DE8}") = "5) Common", "5) Common", "{E93967E7-6655-4E1C-8346-F27F79EDBC2B}"
EndProject
Project("{2150E333-8FDC-42A3-9474-1A3956D46DE8}") = "4) Services", "4) Services", "{8CCE4A2F-383C-4427-8DA2-A6C7AEBE16F8}"
EndProject
Project("{9A19103F-16F7-4668-BE54-9A1E7A4F7556}") = "CommandMessengerStandard", "CommandMessengerStandard\CommandMessengerStandard.csproj", "{B296D6D3-604D-4016-BA8E-BD09D596D32D}"
EndProject
Project("{9A19103F-16F7-4668-BE54-9A1E7A4F7556}") = "CommandMessengerTransportSerialStandard", "CommandMessengerTransportSerialStandard\CommandMessengerTransportSerialStandard.csproj", "{6D71068A-3B22-4C42-BA93-1F027BD153F2}"
EndProject
Project("{FAE04EC0-301F-11D3-BF4B-00C04F79EFBC}") = "Mwm.BeerFactoryV2.Service", "Mwm.BeerFactoryV2.Service\Mwm.BeerFactoryV2.Service.csproj", "{91E576D3-F775-41D0-986A-845B5C7E991D}"
EndProject
Project("{2150E333-8FDC-42A3-9474-1A3956D46DE8}") = "9) Arduino", "9) Arduino", "{C49DF8B7-0DB9-42CC-AAF8-CC115A29D652}"
EndProject
Project("{FAE04EC0-301F-11D3-BF4B-00C04F79EFBC}") = "Skooter", "Mwm.BeerFactoryV2.Uwp.Skooter\Skooter\Skooter.csproj", "{C4B47FAC-FE9D-41B0-8AF8-0FF4C78B4DFC}"
EndProject
Project("{9A19103F-16F7-4668-BE54-9A1E7A4F7556}") = "Skooter.Core", "Mwm.BeerFactoryV2.Uwp.Skooter\Skooter.Core\Skooter.Core.csproj", "{26974B10-DD08-4668-9BE8-15E263B710CD}"
EndProject
Project("{9A19103F-16F7-4668-BE54-9A1E7A4F7556}") = "Skooter.Core.Tests.xUnit", "Mwm.BeerFactoryV2.Uwp.Skooter\Skooter.Core.Tests.xUnit\Skooter.Core.Tests.xUnit.csproj", "{08055ADF-F896-4E5A-8F14-2666E16DB15F}"
EndProject
Project("{2150E333-8FDC-42A3-9474-1A3956D46DE8}") = "3) UWP", "3) UWP", "{A443D495-76AE-4679-A604-6B1F9859EED3}"
EndProject
Project("{FAE04EC0-301F-11D3-BF4B-00C04F79EFBC}") = "Humpty", "Humpty\Humpty.csproj", "{6DB8731F-6948-46E3-AB3B-7395F087A8CD}"
EndProject
Project("{FAE04EC0-301F-11D3-BF4B-00C04F79EFBC}") = "Humpty.Tests.xUnit", "Humpty.Tests.xUnit\Humpty.Tests.xUnit.csproj", "{B8A5E507-BBA1-4D78-8F72-10E6C820CAA8}"
EndProject
Project("{FAE04EC0-301F-11D3-BF4B-00C04F79EFBC}") = "Humpty.Tests.WinAppDriver", "Humpty.Tests.WinAppDriver\Humpty.Tests.WinAppDriver.csproj", "{C322DF49-0BD7-4ED1-A47B-7DD3D81395D8}"
EndProject
Project("{9A19103F-16F7-4668-BE54-9A1E7A4F7556}") = "Humpty.Core", "Humpty.Core\Humpty.Core.csproj", "{5DE84568-8E14-42A0-BF8E-4D74B7B9C424}"
EndProject
Global
	GlobalSection(SolutionConfigurationPlatforms) = preSolution
		Debug|Any CPU = Debug|Any CPU
		Debug|ARM = Debug|ARM
		Debug|x64 = Debug|x64
		Debug|x86 = Debug|x86
		Release|Any CPU = Release|Any CPU
		Release|ARM = Release|ARM
		Release|x64 = Release|x64
		Release|x86 = Release|x86
	EndGlobalSection
	GlobalSection(ProjectConfigurationPlatforms) = postSolution
		{C5F80730-F44F-4478-BDAE-6634EFC2CA88}.Debug|Any CPU.ActiveCfg = Debug|Win32
		{C5F80730-F44F-4478-BDAE-6634EFC2CA88}.Debug|ARM.ActiveCfg = Debug|Win32
		{C5F80730-F44F-4478-BDAE-6634EFC2CA88}.Debug|x64.ActiveCfg = Debug|Win32
		{C5F80730-F44F-4478-BDAE-6634EFC2CA88}.Debug|x86.ActiveCfg = Debug|Win32
		{C5F80730-F44F-4478-BDAE-6634EFC2CA88}.Release|Any CPU.ActiveCfg = Release|Win32
		{C5F80730-F44F-4478-BDAE-6634EFC2CA88}.Release|ARM.ActiveCfg = Release|Win32
		{C5F80730-F44F-4478-BDAE-6634EFC2CA88}.Release|x64.ActiveCfg = Release|Win32
		{C5F80730-F44F-4478-BDAE-6634EFC2CA88}.Release|x86.ActiveCfg = Release|Win32
		{C5F80730-F44F-4478-BDAE-6634EFC2CA88}.Release|x86.Build.0 = Release|Win32
		{B296D6D3-604D-4016-BA8E-BD09D596D32D}.Debug|Any CPU.ActiveCfg = Debug|Any CPU
		{B296D6D3-604D-4016-BA8E-BD09D596D32D}.Debug|Any CPU.Build.0 = Debug|Any CPU
		{B296D6D3-604D-4016-BA8E-BD09D596D32D}.Debug|ARM.ActiveCfg = Debug|Any CPU
		{B296D6D3-604D-4016-BA8E-BD09D596D32D}.Debug|ARM.Build.0 = Debug|Any CPU
		{B296D6D3-604D-4016-BA8E-BD09D596D32D}.Debug|x64.ActiveCfg = Debug|Any CPU
		{B296D6D3-604D-4016-BA8E-BD09D596D32D}.Debug|x64.Build.0 = Debug|Any CPU
		{B296D6D3-604D-4016-BA8E-BD09D596D32D}.Debug|x86.ActiveCfg = Debug|Any CPU
		{B296D6D3-604D-4016-BA8E-BD09D596D32D}.Debug|x86.Build.0 = Debug|Any CPU
		{B296D6D3-604D-4016-BA8E-BD09D596D32D}.Release|Any CPU.ActiveCfg = Release|Any CPU
		{B296D6D3-604D-4016-BA8E-BD09D596D32D}.Release|Any CPU.Build.0 = Release|Any CPU
		{B296D6D3-604D-4016-BA8E-BD09D596D32D}.Release|ARM.ActiveCfg = Release|Any CPU
		{B296D6D3-604D-4016-BA8E-BD09D596D32D}.Release|ARM.Build.0 = Release|Any CPU
		{B296D6D3-604D-4016-BA8E-BD09D596D32D}.Release|x64.ActiveCfg = Release|Any CPU
		{B296D6D3-604D-4016-BA8E-BD09D596D32D}.Release|x64.Build.0 = Release|Any CPU
		{B296D6D3-604D-4016-BA8E-BD09D596D32D}.Release|x86.ActiveCfg = Release|Any CPU
		{B296D6D3-604D-4016-BA8E-BD09D596D32D}.Release|x86.Build.0 = Release|Any CPU
		{6D71068A-3B22-4C42-BA93-1F027BD153F2}.Debug|Any CPU.ActiveCfg = Debug|Any CPU
		{6D71068A-3B22-4C42-BA93-1F027BD153F2}.Debug|Any CPU.Build.0 = Debug|Any CPU
		{6D71068A-3B22-4C42-BA93-1F027BD153F2}.Debug|ARM.ActiveCfg = Debug|Any CPU
		{6D71068A-3B22-4C42-BA93-1F027BD153F2}.Debug|ARM.Build.0 = Debug|Any CPU
		{6D71068A-3B22-4C42-BA93-1F027BD153F2}.Debug|x64.ActiveCfg = Debug|Any CPU
		{6D71068A-3B22-4C42-BA93-1F027BD153F2}.Debug|x64.Build.0 = Debug|Any CPU
		{6D71068A-3B22-4C42-BA93-1F027BD153F2}.Debug|x86.ActiveCfg = Debug|Any CPU
		{6D71068A-3B22-4C42-BA93-1F027BD153F2}.Debug|x86.Build.0 = Debug|Any CPU
		{6D71068A-3B22-4C42-BA93-1F027BD153F2}.Release|Any CPU.ActiveCfg = Release|Any CPU
		{6D71068A-3B22-4C42-BA93-1F027BD153F2}.Release|Any CPU.Build.0 = Release|Any CPU
		{6D71068A-3B22-4C42-BA93-1F027BD153F2}.Release|ARM.ActiveCfg = Release|Any CPU
		{6D71068A-3B22-4C42-BA93-1F027BD153F2}.Release|ARM.Build.0 = Release|Any CPU
		{6D71068A-3B22-4C42-BA93-1F027BD153F2}.Release|x64.ActiveCfg = Release|Any CPU
		{6D71068A-3B22-4C42-BA93-1F027BD153F2}.Release|x64.Build.0 = Release|Any CPU
		{6D71068A-3B22-4C42-BA93-1F027BD153F2}.Release|x86.ActiveCfg = Release|Any CPU
		{6D71068A-3B22-4C42-BA93-1F027BD153F2}.Release|x86.Build.0 = Release|Any CPU
		{91E576D3-F775-41D0-986A-845B5C7E991D}.Debug|Any CPU.ActiveCfg = Debug|Any CPU
		{91E576D3-F775-41D0-986A-845B5C7E991D}.Debug|Any CPU.Build.0 = Debug|Any CPU
		{91E576D3-F775-41D0-986A-845B5C7E991D}.Debug|ARM.ActiveCfg = Debug|ARM
		{91E576D3-F775-41D0-986A-845B5C7E991D}.Debug|ARM.Build.0 = Debug|ARM
		{91E576D3-F775-41D0-986A-845B5C7E991D}.Debug|x64.ActiveCfg = Debug|x64
		{91E576D3-F775-41D0-986A-845B5C7E991D}.Debug|x64.Build.0 = Debug|x64
		{91E576D3-F775-41D0-986A-845B5C7E991D}.Debug|x86.ActiveCfg = Debug|x86
		{91E576D3-F775-41D0-986A-845B5C7E991D}.Debug|x86.Build.0 = Debug|x86
		{91E576D3-F775-41D0-986A-845B5C7E991D}.Release|Any CPU.ActiveCfg = Release|Any CPU
		{91E576D3-F775-41D0-986A-845B5C7E991D}.Release|Any CPU.Build.0 = Release|Any CPU
		{91E576D3-F775-41D0-986A-845B5C7E991D}.Release|ARM.ActiveCfg = Release|ARM
		{91E576D3-F775-41D0-986A-845B5C7E991D}.Release|ARM.Build.0 = Release|ARM
		{91E576D3-F775-41D0-986A-845B5C7E991D}.Release|x64.ActiveCfg = Release|x64
		{91E576D3-F775-41D0-986A-845B5C7E991D}.Release|x64.Build.0 = Release|x64
		{91E576D3-F775-41D0-986A-845B5C7E991D}.Release|x86.ActiveCfg = Release|x86
		{91E576D3-F775-41D0-986A-845B5C7E991D}.Release|x86.Build.0 = Release|x86
		{C4B47FAC-FE9D-41B0-8AF8-0FF4C78B4DFC}.Debug|Any CPU.ActiveCfg = Debug|x86
		{C4B47FAC-FE9D-41B0-8AF8-0FF4C78B4DFC}.Debug|Any CPU.Build.0 = Debug|x86
		{C4B47FAC-FE9D-41B0-8AF8-0FF4C78B4DFC}.Debug|Any CPU.Deploy.0 = Debug|x86
		{C4B47FAC-FE9D-41B0-8AF8-0FF4C78B4DFC}.Debug|ARM.ActiveCfg = Debug|ARM
		{C4B47FAC-FE9D-41B0-8AF8-0FF4C78B4DFC}.Debug|ARM.Build.0 = Debug|ARM
		{C4B47FAC-FE9D-41B0-8AF8-0FF4C78B4DFC}.Debug|ARM.Deploy.0 = Debug|ARM
		{C4B47FAC-FE9D-41B0-8AF8-0FF4C78B4DFC}.Debug|x64.ActiveCfg = Debug|x64
		{C4B47FAC-FE9D-41B0-8AF8-0FF4C78B4DFC}.Debug|x64.Build.0 = Debug|x64
		{C4B47FAC-FE9D-41B0-8AF8-0FF4C78B4DFC}.Debug|x64.Deploy.0 = Debug|x64
		{C4B47FAC-FE9D-41B0-8AF8-0FF4C78B4DFC}.Debug|x86.ActiveCfg = Debug|x86
		{C4B47FAC-FE9D-41B0-8AF8-0FF4C78B4DFC}.Debug|x86.Build.0 = Debug|x86
		{C4B47FAC-FE9D-41B0-8AF8-0FF4C78B4DFC}.Debug|x86.Deploy.0 = Debug|x86
		{C4B47FAC-FE9D-41B0-8AF8-0FF4C78B4DFC}.Release|Any CPU.ActiveCfg = Release|x86
		{C4B47FAC-FE9D-41B0-8AF8-0FF4C78B4DFC}.Release|ARM.ActiveCfg = Release|ARM
		{C4B47FAC-FE9D-41B0-8AF8-0FF4C78B4DFC}.Release|ARM.Build.0 = Release|ARM
		{C4B47FAC-FE9D-41B0-8AF8-0FF4C78B4DFC}.Release|ARM.Deploy.0 = Release|ARM
		{C4B47FAC-FE9D-41B0-8AF8-0FF4C78B4DFC}.Release|x64.ActiveCfg = Release|x64
		{C4B47FAC-FE9D-41B0-8AF8-0FF4C78B4DFC}.Release|x64.Build.0 = Release|x64
		{C4B47FAC-FE9D-41B0-8AF8-0FF4C78B4DFC}.Release|x64.Deploy.0 = Release|x64
		{C4B47FAC-FE9D-41B0-8AF8-0FF4C78B4DFC}.Release|x86.ActiveCfg = Release|x86
		{C4B47FAC-FE9D-41B0-8AF8-0FF4C78B4DFC}.Release|x86.Build.0 = Release|x86
		{C4B47FAC-FE9D-41B0-8AF8-0FF4C78B4DFC}.Release|x86.Deploy.0 = Release|x86
		{26974B10-DD08-4668-9BE8-15E263B710CD}.Debug|Any CPU.ActiveCfg = Debug|Any CPU
		{26974B10-DD08-4668-9BE8-15E263B710CD}.Debug|Any CPU.Build.0 = Debug|Any CPU
		{26974B10-DD08-4668-9BE8-15E263B710CD}.Debug|ARM.ActiveCfg = Debug|Any CPU
		{26974B10-DD08-4668-9BE8-15E263B710CD}.Debug|ARM.Build.0 = Debug|Any CPU
		{26974B10-DD08-4668-9BE8-15E263B710CD}.Debug|x64.ActiveCfg = Debug|Any CPU
		{26974B10-DD08-4668-9BE8-15E263B710CD}.Debug|x64.Build.0 = Debug|Any CPU
		{26974B10-DD08-4668-9BE8-15E263B710CD}.Debug|x86.ActiveCfg = Debug|Any CPU
		{26974B10-DD08-4668-9BE8-15E263B710CD}.Debug|x86.Build.0 = Debug|Any CPU
		{26974B10-DD08-4668-9BE8-15E263B710CD}.Release|Any CPU.ActiveCfg = Release|Any CPU
		{26974B10-DD08-4668-9BE8-15E263B710CD}.Release|Any CPU.Build.0 = Release|Any CPU
		{26974B10-DD08-4668-9BE8-15E263B710CD}.Release|ARM.ActiveCfg = Release|Any CPU
		{26974B10-DD08-4668-9BE8-15E263B710CD}.Release|ARM.Build.0 = Release|Any CPU
		{26974B10-DD08-4668-9BE8-15E263B710CD}.Release|x64.ActiveCfg = Release|Any CPU
		{26974B10-DD08-4668-9BE8-15E263B710CD}.Release|x64.Build.0 = Release|Any CPU
		{26974B10-DD08-4668-9BE8-15E263B710CD}.Release|x86.ActiveCfg = Release|Any CPU
		{26974B10-DD08-4668-9BE8-15E263B710CD}.Release|x86.Build.0 = Release|Any CPU
		{08055ADF-F896-4E5A-8F14-2666E16DB15F}.Debug|Any CPU.ActiveCfg = Debug|Any CPU
		{08055ADF-F896-4E5A-8F14-2666E16DB15F}.Debug|Any CPU.Build.0 = Debug|Any CPU
		{08055ADF-F896-4E5A-8F14-2666E16DB15F}.Debug|ARM.ActiveCfg = Debug|Any CPU
		{08055ADF-F896-4E5A-8F14-2666E16DB15F}.Debug|ARM.Build.0 = Debug|Any CPU
		{08055ADF-F896-4E5A-8F14-2666E16DB15F}.Debug|x64.ActiveCfg = Debug|Any CPU
		{08055ADF-F896-4E5A-8F14-2666E16DB15F}.Debug|x64.Build.0 = Debug|Any CPU
		{08055ADF-F896-4E5A-8F14-2666E16DB15F}.Debug|x86.ActiveCfg = Debug|Any CPU
		{08055ADF-F896-4E5A-8F14-2666E16DB15F}.Debug|x86.Build.0 = Debug|Any CPU
		{08055ADF-F896-4E5A-8F14-2666E16DB15F}.Release|Any CPU.ActiveCfg = Release|Any CPU
		{08055ADF-F896-4E5A-8F14-2666E16DB15F}.Release|Any CPU.Build.0 = Release|Any CPU
		{08055ADF-F896-4E5A-8F14-2666E16DB15F}.Release|ARM.ActiveCfg = Release|Any CPU
		{08055ADF-F896-4E5A-8F14-2666E16DB15F}.Release|ARM.Build.0 = Release|Any CPU
		{08055ADF-F896-4E5A-8F14-2666E16DB15F}.Release|x64.ActiveCfg = Release|Any CPU
		{08055ADF-F896-4E5A-8F14-2666E16DB15F}.Release|x64.Build.0 = Release|Any CPU
		{08055ADF-F896-4E5A-8F14-2666E16DB15F}.Release|x86.ActiveCfg = Release|Any CPU
		{08055ADF-F896-4E5A-8F14-2666E16DB15F}.Release|x86.Build.0 = Release|Any CPU
		{6DB8731F-6948-46E3-AB3B-7395F087A8CD}.Debug|Any CPU.ActiveCfg = Debug|x86
		{6DB8731F-6948-46E3-AB3B-7395F087A8CD}.Debug|ARM.ActiveCfg = Debug|ARM
		{6DB8731F-6948-46E3-AB3B-7395F087A8CD}.Debug|ARM.Build.0 = Debug|ARM
		{6DB8731F-6948-46E3-AB3B-7395F087A8CD}.Debug|ARM.Deploy.0 = Debug|ARM
		{6DB8731F-6948-46E3-AB3B-7395F087A8CD}.Debug|x64.ActiveCfg = Debug|x64
		{6DB8731F-6948-46E3-AB3B-7395F087A8CD}.Debug|x64.Build.0 = Debug|x64
		{6DB8731F-6948-46E3-AB3B-7395F087A8CD}.Debug|x64.Deploy.0 = Debug|x64
		{6DB8731F-6948-46E3-AB3B-7395F087A8CD}.Debug|x86.ActiveCfg = Debug|x86
		{6DB8731F-6948-46E3-AB3B-7395F087A8CD}.Debug|x86.Build.0 = Debug|x86
		{6DB8731F-6948-46E3-AB3B-7395F087A8CD}.Debug|x86.Deploy.0 = Debug|x86
		{6DB8731F-6948-46E3-AB3B-7395F087A8CD}.Release|Any CPU.ActiveCfg = Release|x86
		{6DB8731F-6948-46E3-AB3B-7395F087A8CD}.Release|ARM.ActiveCfg = Release|ARM
		{6DB8731F-6948-46E3-AB3B-7395F087A8CD}.Release|ARM.Build.0 = Release|ARM
		{6DB8731F-6948-46E3-AB3B-7395F087A8CD}.Release|ARM.Deploy.0 = Release|ARM
		{6DB8731F-6948-46E3-AB3B-7395F087A8CD}.Release|x64.ActiveCfg = Release|x64
		{6DB8731F-6948-46E3-AB3B-7395F087A8CD}.Release|x64.Build.0 = Release|x64
		{6DB8731F-6948-46E3-AB3B-7395F087A8CD}.Release|x64.Deploy.0 = Release|x64
		{6DB8731F-6948-46E3-AB3B-7395F087A8CD}.Release|x86.ActiveCfg = Release|x86
		{6DB8731F-6948-46E3-AB3B-7395F087A8CD}.Release|x86.Build.0 = Release|x86
		{6DB8731F-6948-46E3-AB3B-7395F087A8CD}.Release|x86.Deploy.0 = Release|x86
		{B8A5E507-BBA1-4D78-8F72-10E6C820CAA8}.Debug|Any CPU.ActiveCfg = Debug|x86
		{B8A5E507-BBA1-4D78-8F72-10E6C820CAA8}.Debug|ARM.ActiveCfg = Debug|ARM
		{B8A5E507-BBA1-4D78-8F72-10E6C820CAA8}.Debug|ARM.Build.0 = Debug|ARM
		{B8A5E507-BBA1-4D78-8F72-10E6C820CAA8}.Debug|ARM.Deploy.0 = Debug|ARM
		{B8A5E507-BBA1-4D78-8F72-10E6C820CAA8}.Debug|x64.ActiveCfg = Debug|x64
		{B8A5E507-BBA1-4D78-8F72-10E6C820CAA8}.Debug|x64.Build.0 = Debug|x64
		{B8A5E507-BBA1-4D78-8F72-10E6C820CAA8}.Debug|x64.Deploy.0 = Debug|x64
		{B8A5E507-BBA1-4D78-8F72-10E6C820CAA8}.Debug|x86.ActiveCfg = Debug|x86
		{B8A5E507-BBA1-4D78-8F72-10E6C820CAA8}.Debug|x86.Build.0 = Debug|x86
		{B8A5E507-BBA1-4D78-8F72-10E6C820CAA8}.Debug|x86.Deploy.0 = Debug|x86
		{B8A5E507-BBA1-4D78-8F72-10E6C820CAA8}.Release|Any CPU.ActiveCfg = Release|x86
		{B8A5E507-BBA1-4D78-8F72-10E6C820CAA8}.Release|ARM.ActiveCfg = Release|ARM
		{B8A5E507-BBA1-4D78-8F72-10E6C820CAA8}.Release|ARM.Build.0 = Release|ARM
		{B8A5E507-BBA1-4D78-8F72-10E6C820CAA8}.Release|ARM.Deploy.0 = Release|ARM
		{B8A5E507-BBA1-4D78-8F72-10E6C820CAA8}.Release|x64.ActiveCfg = Release|x64
		{B8A5E507-BBA1-4D78-8F72-10E6C820CAA8}.Release|x64.Build.0 = Release|x64
		{B8A5E507-BBA1-4D78-8F72-10E6C820CAA8}.Release|x64.Deploy.0 = Release|x64
		{B8A5E507-BBA1-4D78-8F72-10E6C820CAA8}.Release|x86.ActiveCfg = Release|x86
		{B8A5E507-BBA1-4D78-8F72-10E6C820CAA8}.Release|x86.Build.0 = Release|x86
		{B8A5E507-BBA1-4D78-8F72-10E6C820CAA8}.Release|x86.Deploy.0 = Release|x86
		{C322DF49-0BD7-4ED1-A47B-7DD3D81395D8}.Debug|Any CPU.ActiveCfg = Debug|Any CPU
		{C322DF49-0BD7-4ED1-A47B-7DD3D81395D8}.Debug|Any CPU.Build.0 = Debug|Any CPU
		{C322DF49-0BD7-4ED1-A47B-7DD3D81395D8}.Debug|ARM.ActiveCfg = Debug|Any CPU
		{C322DF49-0BD7-4ED1-A47B-7DD3D81395D8}.Debug|ARM.Build.0 = Debug|Any CPU
		{C322DF49-0BD7-4ED1-A47B-7DD3D81395D8}.Debug|x64.ActiveCfg = Debug|Any CPU
		{C322DF49-0BD7-4ED1-A47B-7DD3D81395D8}.Debug|x64.Build.0 = Debug|Any CPU
		{C322DF49-0BD7-4ED1-A47B-7DD3D81395D8}.Debug|x86.ActiveCfg = Debug|Any CPU
		{C322DF49-0BD7-4ED1-A47B-7DD3D81395D8}.Debug|x86.Build.0 = Debug|Any CPU
		{C322DF49-0BD7-4ED1-A47B-7DD3D81395D8}.Release|Any CPU.ActiveCfg = Release|Any CPU
		{C322DF49-0BD7-4ED1-A47B-7DD3D81395D8}.Release|Any CPU.Build.0 = Release|Any CPU
		{C322DF49-0BD7-4ED1-A47B-7DD3D81395D8}.Release|ARM.ActiveCfg = Release|Any CPU
		{C322DF49-0BD7-4ED1-A47B-7DD3D81395D8}.Release|ARM.Build.0 = Release|Any CPU
		{C322DF49-0BD7-4ED1-A47B-7DD3D81395D8}.Release|x64.ActiveCfg = Release|Any CPU
		{C322DF49-0BD7-4ED1-A47B-7DD3D81395D8}.Release|x64.Build.0 = Release|Any CPU
		{C322DF49-0BD7-4ED1-A47B-7DD3D81395D8}.Release|x86.ActiveCfg = Release|Any CPU
		{C322DF49-0BD7-4ED1-A47B-7DD3D81395D8}.Release|x86.Build.0 = Release|Any CPU
		{5DE84568-8E14-42A0-BF8E-4D74B7B9C424}.Debug|Any CPU.ActiveCfg = Debug|Any CPU
		{5DE84568-8E14-42A0-BF8E-4D74B7B9C424}.Debug|Any CPU.Build.0 = Debug|Any CPU
		{5DE84568-8E14-42A0-BF8E-4D74B7B9C424}.Debug|ARM.ActiveCfg = Debug|Any CPU
		{5DE84568-8E14-42A0-BF8E-4D74B7B9C424}.Debug|ARM.Build.0 = Debug|Any CPU
		{5DE84568-8E14-42A0-BF8E-4D74B7B9C424}.Debug|x64.ActiveCfg = Debug|Any CPU
		{5DE84568-8E14-42A0-BF8E-4D74B7B9C424}.Debug|x64.Build.0 = Debug|Any CPU
		{5DE84568-8E14-42A0-BF8E-4D74B7B9C424}.Debug|x86.ActiveCfg = Debug|Any CPU
		{5DE84568-8E14-42A0-BF8E-4D74B7B9C424}.Debug|x86.Build.0 = Debug|Any CPU
		{5DE84568-8E14-42A0-BF8E-4D74B7B9C424}.Release|Any CPU.ActiveCfg = Release|Any CPU
		{5DE84568-8E14-42A0-BF8E-4D74B7B9C424}.Release|Any CPU.Build.0 = Release|Any CPU
		{5DE84568-8E14-42A0-BF8E-4D74B7B9C424}.Release|ARM.ActiveCfg = Release|Any CPU
		{5DE84568-8E14-42A0-BF8E-4D74B7B9C424}.Release|ARM.Build.0 = Release|Any CPU
		{5DE84568-8E14-42A0-BF8E-4D74B7B9C424}.Release|x64.ActiveCfg = Release|Any CPU
		{5DE84568-8E14-42A0-BF8E-4D74B7B9C424}.Release|x64.Build.0 = Release|Any CPU
		{5DE84568-8E14-42A0-BF8E-4D74B7B9C424}.Release|x86.ActiveCfg = Release|Any CPU
		{5DE84568-8E14-42A0-BF8E-4D74B7B9C424}.Release|x86.Build.0 = Release|Any CPU
	EndGlobalSection
	GlobalSection(SolutionProperties) = preSolution
		HideSolutionNode = FALSE
	EndGlobalSection
	GlobalSection(NestedProjects) = preSolution
		{C5F80730-F44F-4478-BDAE-6634EFC2CA88} = {C49DF8B7-0DB9-42CC-AAF8-CC115A29D652}
		{B296D6D3-604D-4016-BA8E-BD09D596D32D} = {B890E558-5CEB-4B2D-A531-40A2E4FA4D7D}
		{6D71068A-3B22-4C42-BA93-1F027BD153F2} = {B890E558-5CEB-4B2D-A531-40A2E4FA4D7D}
		{91E576D3-F775-41D0-986A-845B5C7E991D} = {8CCE4A2F-383C-4427-8DA2-A6C7AEBE16F8}
		{C4B47FAC-FE9D-41B0-8AF8-0FF4C78B4DFC} = {C0FA14A6-1E01-48AA-AA17-A5D4B11AC361}
		{26974B10-DD08-4668-9BE8-15E263B710CD} = {C0FA14A6-1E01-48AA-AA17-A5D4B11AC361}
		{08055ADF-F896-4E5A-8F14-2666E16DB15F} = {C0FA14A6-1E01-48AA-AA17-A5D4B11AC361}
		{6DB8731F-6948-46E3-AB3B-7395F087A8CD} = {A443D495-76AE-4679-A604-6B1F9859EED3}
		{B8A5E507-BBA1-4D78-8F72-10E6C820CAA8} = {A443D495-76AE-4679-A604-6B1F9859EED3}
		{C322DF49-0BD7-4ED1-A47B-7DD3D81395D8} = {A443D495-76AE-4679-A604-6B1F9859EED3}
		{5DE84568-8E14-42A0-BF8E-4D74B7B9C424} = {A443D495-76AE-4679-A604-6B1F9859EED3}
	EndGlobalSection
	GlobalSection(ExtensibilityGlobals) = postSolution
		SolutionGuid = {8FF10671-6B84-4505-A6D5-4D0A8291368F}
	EndGlobalSection
EndGlobal
